
Microsoft Visual Studio Solution File, Format Version 12.00
# Visual Studio Version 17
VisualStudioVersion = 17.6.33712.159
MinimumVisualStudioVersion = 10.0.40219.1
Project("{FAE04EC0-301F-11D3-BF4B-00C04F79EFBC}") = "LogiPractice", "LogiPractice\LogiPractice.csproj", "{36B39038-7DF6-4A37-8C01-A8B9D72DB1D5}"
EndProject
Project("{FAE04EC0-301F-11D3-BF4B-00C04F79EFBC}") = "DSA_Basics", "DSA\DSA_Basics.csproj", "{8721DED6-8DEA-462C-8A53-58B68AA4BC11}"
EndProject
Global
	GlobalSection(SolutionConfigurationPlatforms) = preSolution
		Debug|Any CPU = Debug|Any CPU
		Release|Any CPU = Release|Any CPU
	EndGlobalSection
	GlobalSection(ProjectConfigurationPlatforms) = postSolution
		{36B39038-7DF6-4A37-8C01-A8B9D72DB1D5}.Debug|Any CPU.ActiveCfg = Debug|Any CPU
		{36B39038-7DF6-4A37-8C01-A8B9D72DB1D5}.Debug|Any CPU.Build.0 = Debug|Any CPU
		{36B39038-7DF6-4A37-8C01-A8B9D72DB1D5}.Release|Any CPU.ActiveCfg = Release|Any CPU
		{36B39038-7DF6-4A37-8C01-A8B9D72DB1D5}.Release|Any CPU.Build.0 = Release|Any CPU
		{8721DED6-8DEA-462C-8A53-58B68AA4BC11}.Debug|Any CPU.ActiveCfg = Debug|Any CPU
		{8721DED6-8DEA-462C-8A53-58B68AA4BC11}.Debug|Any CPU.Build.0 = Debug|Any CPU
		{8721DED6-8DEA-462C-8A53-58B68AA4BC11}.Release|Any CPU.ActiveCfg = Release|Any CPU
		{8721DED6-8DEA-462C-8A53-58B68AA4BC11}.Release|Any CPU.Build.0 = Release|Any CPU
	EndGlobalSection
	GlobalSection(SolutionProperties) = preSolution
		HideSolutionNode = FALSE
	EndGlobalSection
	GlobalSection(ExtensibilityGlobals) = postSolution
		SolutionGuid = {FAE6E1F3-00F2-4F45-8A31-44C219011AAC}
	EndGlobalSection
EndGlobal
